
Microsoft Visual Studio Solution File, Format Version 12.00
# Visual Studio Version 17
VisualStudioVersion = 17.4.33205.214
MinimumVisualStudioVersion = 10.0.40219.1
Project("{FAE04EC0-301F-11D3-BF4B-00C04F79EFBC}") = "Abzalov_LAB15", "Abzalov_LAB15.csproj", "{053FDBB4-3844-47FB-B723-591EAA3D10D1}"
EndProject
Global
	GlobalSection(SolutionConfigurationPlatforms) = preSolution
		Debug|Any CPU = Debug|Any CPU
		Release|Any CPU = Release|Any CPU
	EndGlobalSection
	GlobalSection(ProjectConfigurationPlatforms) = postSolution
		{053FDBB4-3844-47FB-B723-591EAA3D10D1}.Debug|Any CPU.ActiveCfg = Debug|Any CPU
		{053FDBB4-3844-47FB-B723-591EAA3D10D1}.Debug|Any CPU.Build.0 = Debug|Any CPU
		{053FDBB4-3844-47FB-B723-591EAA3D10D1}.Release|Any CPU.ActiveCfg = Release|Any CPU
		{053FDBB4-3844-47FB-B723-591EAA3D10D1}.Release|Any CPU.Build.0 = Release|Any CPU
	EndGlobalSection
	GlobalSection(SolutionProperties) = preSolution
		HideSolutionNode = FALSE
	EndGlobalSection
	GlobalSection(ExtensibilityGlobals) = postSolution
		SolutionGuid = {5AEB1D54-748A-4344-8CFF-12181289E8B6}
	EndGlobalSection
EndGlobal
